
Microsoft Visual Studio Solution File, Format Version 12.00
# Visual Studio 15
VisualStudioVersion = 15.0.26730.15
MinimumVisualStudioVersion = 10.0.40219.1
Project("{9A19103F-16F7-4668-BE54-9A1E7A4F7556}") = "CommonLibs", "CommonLibs\CommonLibs.csproj", "{0D704C3D-72FB-4BEF-8A0C-95520CC815D1}"
EndProject
Project("{9A19103F-16F7-4668-BE54-9A1E7A4F7556}") = "CommonNetwork", "CommonNetwork\CommonNetwork.csproj", "{C1E52F80-05F3-4C98-BDF7-CB846F466F12}"
EndProject
Project("{9A19103F-16F7-4668-BE54-9A1E7A4F7556}") = "CommonServices", "CommonServices\CommonServices.csproj", "{B1F3A12F-8C21-4C07-BDF6-8855FB75757C}"
EndProject
Global
	GlobalSection(SolutionConfigurationPlatforms) = preSolution
		Debug|Any CPU = Debug|Any CPU
		Release|Any CPU = Release|Any CPU
	EndGlobalSection
	GlobalSection(ProjectConfigurationPlatforms) = postSolution
		{0D704C3D-72FB-4BEF-8A0C-95520CC815D1}.Debug|Any CPU.ActiveCfg = Debug|Any CPU
		{0D704C3D-72FB-4BEF-8A0C-95520CC815D1}.Debug|Any CPU.Build.0 = Debug|Any CPU
		{0D704C3D-72FB-4BEF-8A0C-95520CC815D1}.Release|Any CPU.ActiveCfg = Release|Any CPU
		{0D704C3D-72FB-4BEF-8A0C-95520CC815D1}.Release|Any CPU.Build.0 = Release|Any CPU
		{C1E52F80-05F3-4C98-BDF7-CB846F466F12}.Debug|Any CPU.ActiveCfg = Debug|Any CPU
		{C1E52F80-05F3-4C98-BDF7-CB846F466F12}.Debug|Any CPU.Build.0 = Debug|Any CPU
		{C1E52F80-05F3-4C98-BDF7-CB846F466F12}.Release|Any CPU.ActiveCfg = Release|Any CPU
		{C1E52F80-05F3-4C98-BDF7-CB846F466F12}.Release|Any CPU.Build.0 = Release|Any CPU
		{B1F3A12F-8C21-4C07-BDF6-8855FB75757C}.Debug|Any CPU.ActiveCfg = Debug|Any CPU
		{B1F3A12F-8C21-4C07-BDF6-8855FB75757C}.Debug|Any CPU.Build.0 = Debug|Any CPU
		{B1F3A12F-8C21-4C07-BDF6-8855FB75757C}.Release|Any CPU.ActiveCfg = Release|Any CPU
		{B1F3A12F-8C21-4C07-BDF6-8855FB75757C}.Release|Any CPU.Build.0 = Release|Any CPU
	EndGlobalSection
	GlobalSection(SolutionProperties) = preSolution
		HideSolutionNode = FALSE
	EndGlobalSection
	GlobalSection(ExtensibilityGlobals) = postSolution
		SolutionGuid = {AC2DD783-AFD1-41F0-98DF-59128E4C775B}
	EndGlobalSection
EndGlobal
